
Microsoft Visual Studio Solution File, Format Version 12.00
# Visual Studio 15
VisualStudioVersion = 15.0.28010.2003
MinimumVisualStudioVersion = 10.0.40219.1
Project("{9A19103F-16F7-4668-BE54-9A1E7A4F7556}") = "TeamApp", "TeamApp\TeamApp.csproj", "{E89C0BF5-E560-489A-A26E-97542A87575E}"
EndProject
Project("{9A19103F-16F7-4668-BE54-9A1E7A4F7556}") = "TeamApp.Test", "TeamApp.Test\TeamApp.Test.csproj", "{47954BD3-2EFC-43FE-8F11-2447514A21E2}"
EndProject
Project("{FAE04EC0-301F-11D3-BF4B-00C04F79EFBC}") = "TeamApp.Console", "TeamApp.Console\TeamApp.Console.csproj", "{D718A11F-A1A5-4676-8290-95CB863B4CFB}"
EndProject
Global
	GlobalSection(SolutionConfigurationPlatforms) = preSolution
		Debug|Any CPU = Debug|Any CPU
		Release|Any CPU = Release|Any CPU
	EndGlobalSection
	GlobalSection(ProjectConfigurationPlatforms) = postSolution
		{E89C0BF5-E560-489A-A26E-97542A87575E}.Debug|Any CPU.ActiveCfg = Debug|Any CPU
		{E89C0BF5-E560-489A-A26E-97542A87575E}.Debug|Any CPU.Build.0 = Debug|Any CPU
		{E89C0BF5-E560-489A-A26E-97542A87575E}.Release|Any CPU.ActiveCfg = Release|Any CPU
		{E89C0BF5-E560-489A-A26E-97542A87575E}.Release|Any CPU.Build.0 = Release|Any CPU
		{47954BD3-2EFC-43FE-8F11-2447514A21E2}.Debug|Any CPU.ActiveCfg = Debug|Any CPU
		{47954BD3-2EFC-43FE-8F11-2447514A21E2}.Debug|Any CPU.Build.0 = Debug|Any CPU
		{47954BD3-2EFC-43FE-8F11-2447514A21E2}.Release|Any CPU.ActiveCfg = Release|Any CPU
		{47954BD3-2EFC-43FE-8F11-2447514A21E2}.Release|Any CPU.Build.0 = Release|Any CPU
		{D718A11F-A1A5-4676-8290-95CB863B4CFB}.Debug|Any CPU.ActiveCfg = Debug|Any CPU
		{D718A11F-A1A5-4676-8290-95CB863B4CFB}.Debug|Any CPU.Build.0 = Debug|Any CPU
		{D718A11F-A1A5-4676-8290-95CB863B4CFB}.Release|Any CPU.ActiveCfg = Release|Any CPU
		{D718A11F-A1A5-4676-8290-95CB863B4CFB}.Release|Any CPU.Build.0 = Release|Any CPU
	EndGlobalSection
	GlobalSection(SolutionProperties) = preSolution
		HideSolutionNode = FALSE
	EndGlobalSection
	GlobalSection(ExtensibilityGlobals) = postSolution
		SolutionGuid = {4FE84BF3-8ECF-4518-9A21-DFB576F45C46}
	EndGlobalSection
EndGlobal
