
Microsoft Visual Studio Solution File, Format Version 12.00
# Visual Studio Version 16
VisualStudioVersion = 16.0.29418.71
MinimumVisualStudioVersion = 10.0.40219.1
Project("{9A19103F-16F7-4668-BE54-9A1E7A4F7556}") = "TeamApp", "TeamApp\TeamApp.csproj", "{E89C0BF5-E560-489A-A26E-97542A87575E}"
EndProject
Project("{9A19103F-16F7-4668-BE54-9A1E7A4F7556}") = "TeamApp.Test.Unit", "TeamApp.Test.Unit\TeamApp.Test.Unit.csproj", "{47954BD3-2EFC-43FE-8F11-2447514A21E2}"
EndProject
Project("{9A19103F-16F7-4668-BE54-9A1E7A4F7556}") = "TeamApp.Interface.Console", "TeamApp.Interface.Console\TeamApp.Interface.Console.csproj", "{D718A11F-A1A5-4676-8290-95CB863B4CFB}"
EndProject
Project("{9A19103F-16F7-4668-BE54-9A1E7A4F7556}") = "TeamApp.Data", "TeamApp.Data\TeamApp.Data.csproj", "{2F68BE96-14D7-4A10-BA17-D41B5321BF7C}"
EndProject
Project("{9A19103F-16F7-4668-BE54-9A1E7A4F7556}") = "TeamApp.Services", "TeamApp.Services\TeamApp.Services.csproj", "{2674325B-78BF-4C00-AB0B-449B5EC14435}"
EndProject
Project("{9A19103F-16F7-4668-BE54-9A1E7A4F7556}") = "TeamApp.Test.Database", "TeamApp.Test.Database\TeamApp.Test.Database.csproj", "{130D824C-D4A1-481E-BB81-FD205DA4C275}"
EndProject
Project("{9A19103F-16F7-4668-BE54-9A1E7A4F7556}") = "TeamApp.Test.Service", "TeamApp.Test.Service\TeamApp.Test.Service.csproj", "{F12F2431-ABFA-4FF4-B153-095C3D3F7296}"
EndProject
Global
	GlobalSection(SolutionConfigurationPlatforms) = preSolution
		Debug|Any CPU = Debug|Any CPU
		Release|Any CPU = Release|Any CPU
	EndGlobalSection
	GlobalSection(ProjectConfigurationPlatforms) = postSolution
		{E89C0BF5-E560-489A-A26E-97542A87575E}.Debug|Any CPU.ActiveCfg = Debug|Any CPU
		{E89C0BF5-E560-489A-A26E-97542A87575E}.Debug|Any CPU.Build.0 = Debug|Any CPU
		{E89C0BF5-E560-489A-A26E-97542A87575E}.Release|Any CPU.ActiveCfg = Release|Any CPU
		{E89C0BF5-E560-489A-A26E-97542A87575E}.Release|Any CPU.Build.0 = Release|Any CPU
		{47954BD3-2EFC-43FE-8F11-2447514A21E2}.Debug|Any CPU.ActiveCfg = Debug|Any CPU
		{47954BD3-2EFC-43FE-8F11-2447514A21E2}.Debug|Any CPU.Build.0 = Debug|Any CPU
		{47954BD3-2EFC-43FE-8F11-2447514A21E2}.Release|Any CPU.ActiveCfg = Release|Any CPU
		{47954BD3-2EFC-43FE-8F11-2447514A21E2}.Release|Any CPU.Build.0 = Release|Any CPU
		{D718A11F-A1A5-4676-8290-95CB863B4CFB}.Debug|Any CPU.ActiveCfg = Debug|Any CPU
		{D718A11F-A1A5-4676-8290-95CB863B4CFB}.Debug|Any CPU.Build.0 = Debug|Any CPU
		{D718A11F-A1A5-4676-8290-95CB863B4CFB}.Release|Any CPU.ActiveCfg = Release|Any CPU
		{D718A11F-A1A5-4676-8290-95CB863B4CFB}.Release|Any CPU.Build.0 = Release|Any CPU
		{2F68BE96-14D7-4A10-BA17-D41B5321BF7C}.Debug|Any CPU.ActiveCfg = Debug|Any CPU
		{2F68BE96-14D7-4A10-BA17-D41B5321BF7C}.Debug|Any CPU.Build.0 = Debug|Any CPU
		{2F68BE96-14D7-4A10-BA17-D41B5321BF7C}.Release|Any CPU.ActiveCfg = Release|Any CPU
		{2F68BE96-14D7-4A10-BA17-D41B5321BF7C}.Release|Any CPU.Build.0 = Release|Any CPU
		{2674325B-78BF-4C00-AB0B-449B5EC14435}.Debug|Any CPU.ActiveCfg = Debug|Any CPU
		{2674325B-78BF-4C00-AB0B-449B5EC14435}.Debug|Any CPU.Build.0 = Debug|Any CPU
		{2674325B-78BF-4C00-AB0B-449B5EC14435}.Release|Any CPU.ActiveCfg = Release|Any CPU
		{2674325B-78BF-4C00-AB0B-449B5EC14435}.Release|Any CPU.Build.0 = Release|Any CPU
		{130D824C-D4A1-481E-BB81-FD205DA4C275}.Debug|Any CPU.ActiveCfg = Debug|Any CPU
		{130D824C-D4A1-481E-BB81-FD205DA4C275}.Debug|Any CPU.Build.0 = Debug|Any CPU
		{130D824C-D4A1-481E-BB81-FD205DA4C275}.Release|Any CPU.ActiveCfg = Release|Any CPU
		{130D824C-D4A1-481E-BB81-FD205DA4C275}.Release|Any CPU.Build.0 = Release|Any CPU
		{F12F2431-ABFA-4FF4-B153-095C3D3F7296}.Debug|Any CPU.ActiveCfg = Debug|Any CPU
		{F12F2431-ABFA-4FF4-B153-095C3D3F7296}.Debug|Any CPU.Build.0 = Debug|Any CPU
		{F12F2431-ABFA-4FF4-B153-095C3D3F7296}.Release|Any CPU.ActiveCfg = Release|Any CPU
		{F12F2431-ABFA-4FF4-B153-095C3D3F7296}.Release|Any CPU.Build.0 = Release|Any CPU
	EndGlobalSection
	GlobalSection(SolutionProperties) = preSolution
		HideSolutionNode = FALSE
	EndGlobalSection
	GlobalSection(ExtensibilityGlobals) = postSolution
		SolutionGuid = {4FE84BF3-8ECF-4518-9A21-DFB576F45C46}
	EndGlobalSection
EndGlobal
